Microsoft Visual Studio Solution File, Format Version 12.00
# Visual Studio 2012
Project("{FAE04EC0-301F-11D3-BF4B-00C04F79EFBC}") = "Dialogic", "Dialogic.csproj", "{CA9457C9-6511-4EC8-8D40-E6F582FE978D}"
EndProject
Global
	GlobalSection(SolutionConfigurationPlatforms) = preSolution
	Debug|Any CPU = Debug|Any CPU
	ExportDebug|Any CPU = ExportDebug|Any CPU
	ExportRelease|Any CPU = ExportRelease|Any CPU
	EndGlobalSection
	GlobalSection(ProjectConfigurationPlatforms) = postSolution
		{CA9457C9-6511-4EC8-8D40-E6F582FE978D}.Debug|Any CPU.ActiveCfg = Debug|Any CPU
		{CA9457C9-6511-4EC8-8D40-E6F582FE978D}.Debug|Any CPU.Build.0 = Debug|Any CPU
		{CA9457C9-6511-4EC8-8D40-E6F582FE978D}.ExportDebug|Any CPU.ActiveCfg = ExportDebug|Any CPU
		{CA9457C9-6511-4EC8-8D40-E6F582FE978D}.ExportDebug|Any CPU.Build.0 = ExportDebug|Any CPU
		{CA9457C9-6511-4EC8-8D40-E6F582FE978D}.ExportRelease|Any CPU.ActiveCfg = ExportRelease|Any CPU
		{CA9457C9-6511-4EC8-8D40-E6F582FE978D}.ExportRelease|Any CPU.Build.0 = ExportRelease|Any CPU
	EndGlobalSection
EndGlobal
